{
	"name": "@mtg-react-redux/tests",
	"version": "0.1.0",
	"lockfileVersion": 1,
	"requires": true,
	"dependencies": {
		"tslib": {
			"version": "1.10.0",
			"resolved": "https://registry.npmjs.org/tslib/-/tslib-1.10.0.tgz",
			"integrity": "sha512-qOebF53frne81cf0S9B41ByenJ3/IuH8yJKngAX35CmiZySA0khhkovshKK+jGCaMnVomla7gVlIcc3EvKPbTQ==",
			"dev": true
		},
		"tslint-react": {
			"version": "4.0.0",
			"resolved": "https://registry.npmjs.org/tslint-react/-/tslint-react-4.0.0.tgz",
			"integrity": "sha512-9fNE0fm9zNDx1+b6hgy8rgDN2WsQLRiIrn3+fbqm0tazBVF6jiaCFAITxmU+WSFWYE03Xhp1joCircXOe1WVAQ==",
			"dev": true,
			"requires": {
				"tsutils": "^3.9.1"
			}
		},
		"tsutils": {
			"version": "3.14.1",
			"resolved": "https://registry.npmjs.org/tsutils/-/tsutils-3.14.1.tgz",
			"integrity": "sha512-kiuZzD1uUA5DxGj/uxbde+ymp6VVdAxdzOIlAFbYKrPyla8/uiJ9JLBm1QsPhOm4Muj0/+cWEDP99yoCUcSl6Q==",
			"dev": true,
			"requires": {
				"tslib": "^1.8.1"
			}
		},
		"typescript": {
			"version": "3.6.3",
			"resolved": "https://registry.npmjs.org/typescript/-/typescript-3.6.3.tgz",
			"integrity": "sha512-N7bceJL1CtRQ2RiG0AQME13ksR7DiuQh/QehubYcghzv20tnh+MQnQIuJddTmsbqYj+dztchykemz0zFzlvdQw==",
			"dev": true
		}
	}
}
